// !$*UTF8*$!
{
	archiveVersion = 1;
	classes = {
	};
	objectVersion = 46;
	objects = {

/* Begin PBXBuildFile section */
		24322F341B5C536400871B7F /* MainMenu.xib in Resources */ = {isa = PBXBuildFile; fileRef = 24322F331B5C536400871B7F /* MainMenu.xib */; };
		24322F3B1B5C5FB700871B7F /* AboutWindow.swift in Sources */ = {isa = PBXBuildFile; fileRef = 24322F3A1B5C5FB700871B7F /* AboutWindow.swift */; };
		24322F3D1B5C5FDE00871B7F /* AboutWindow.xib in Resources */ = {isa = PBXBuildFile; fileRef = 24322F3C1B5C5FDE00871B7F /* AboutWindow.xib */; };
		24322F3F1B5C5FF900871B7F /* AboutWindowController.swift in Sources */ = {isa = PBXBuildFile; fileRef = 24322F3E1B5C5FF900871B7F /* AboutWindowController.swift */; };
		243776431B5C4CF300A178B2 /* AppDelegate.swift in Sources */ = {isa = PBXBuildFile; fileRef = 243776421B5C4CF300A178B2 /* AppDelegate.swift */; };
		243776451B5C4CF300A178B2 /* Images.xcassets in Resources */ = {isa = PBXBuildFile; fileRef = 243776441B5C4CF300A178B2 /* Images.xcassets */; };
		24F675311B5C77AA00E9C52E /* StatusMenu.swift in Sources */ = {isa = PBXBuildFile; fileRef = 24F675301B5C77AA00E9C52E /* StatusMenu.swift */; };
		24F675381B5C887C00E9C52E /* SystemInfo.swift in Sources */ = {isa = PBXBuildFile; fileRef = 24F675371B5C887C00E9C52E /* SystemInfo.swift */; };
/* End PBXBuildFile section */

/* Begin PBXFileReference section */
		24322F331B5C536400871B7F /* MainMenu.xib */ = {isa = PBXFileReference; fileEncoding = 4; lastKnownFileType = file.xib; path = MainMenu.xib; sourceTree = "<group>"; };
		24322F3A1B5C5FB700871B7F /* AboutWindow.swift */ = {isa = PBXFileReference; fileEncoding = 4; lastKnownFileType = sourcecode.swift; path = AboutWindow.swift; sourceTree = "<group>"; };
		24322F3C1B5C5FDE00871B7F /* AboutWindow.xib */ = {isa = PBXFileReference; fileEncoding = 4; lastKnownFileType = file.xib; path = AboutWindow.xib; sourceTree = "<group>"; };
		24322F3E1B5C5FF900871B7F /* AboutWindowController.swift */ = {isa = PBXFileReference; fileEncoding = 4; lastKnownFileType = sourcecode.swift; path = AboutWindowController.swift; sourceTree = "<group>"; };
		2437763D1B5C4CF300A178B2 /* Menubar Colors.app */ = {isa = PBXFileReference; explicitFileType = wrapper.application; includeInIndex = 0; path = "Menubar Colors.app"; sourceTree = BUILT_PRODUCTS_DIR; };
		243776411B5C4CF300A178B2 /* Info.plist */ = {isa = PBXFileReference; lastKnownFileType = text.plist.xml; path = Info.plist; sourceTree = "<group>"; };
		243776421B5C4CF300A178B2 /* AppDelegate.swift */ = {isa = PBXFileReference; lastKnownFileType = sourcecode.swift; path = AppDelegate.swift; sourceTree = "<group>"; };
		243776441B5C4CF300A178B2 /* Images.xcassets */ = {isa = PBXFileReference; lastKnownFileType = folder.assetcatalog; path = Images.xcassets; sourceTree = "<group>"; };
		24F675301B5C77AA00E9C52E /* StatusMenu.swift */ = {isa = PBXFileReference; fileEncoding = 4; lastKnownFileType = sourcecode.swift; path = StatusMenu.swift; sourceTree = "<group>"; };
		24F675371B5C887C00E9C52E /* SystemInfo.swift */ = {isa = PBXFileReference; fileEncoding = 4; lastKnownFileType = sourcecode.swift; path = SystemInfo.swift; sourceTree = "<group>"; };
/* End PBXFileReference section */

/* Begin PBXFrameworksBuildPhase section */
		2437763A1B5C4CF300A178B2 /* Frameworks */ = {
			isa = PBXFrameworksBuildPhase;
			buildActionMask = 2147483647;
			files = (
			);
			runOnlyForDeploymentPostprocessing = 0;
		};
/* End PBXFrameworksBuildPhase section */

/* Begin PBXGroup section */
		24322F351B5C5A5300871B7F /* Sources */ = {
			isa = PBXGroup;
			children = (
				24322F361B5C5A5E00871B7F /* Main */,
				24F675361B5C886C00E9C52E /* Global */,
			);
			name = Sources;
			path = sources;
			sourceTree = SOURCE_ROOT;
		};
		24322F361B5C5A5E00871B7F /* Main */ = {
			isa = PBXGroup;
			children = (
				243776421B5C4CF300A178B2 /* AppDelegate.swift */,
				24F675301B5C77AA00E9C52E /* StatusMenu.swift */,
				24322F3A1B5C5FB700871B7F /* AboutWindow.swift */,
				24322F3E1B5C5FF900871B7F /* AboutWindowController.swift */,
			);
			name = Main;
			sourceTree = "<group>";
		};
		24322F371B5C5A9A00871B7F /* Property Lists */ = {
			isa = PBXGroup;
			children = (
				243776411B5C4CF300A178B2 /* Info.plist */,
			);
			name = "Property Lists";
			path = plists;
			sourceTree = SOURCE_ROOT;
		};
		24322F381B5C5AA700871B7F /* Images */ = {
			isa = PBXGroup;
			children = (
				243776441B5C4CF300A178B2 /* Images.xcassets */,
			);
			name = Images;
			path = images;
			sourceTree = SOURCE_ROOT;
		};
		24322F391B5C5AB900871B7F /* Interface Builder Files */ = {
			isa = PBXGroup;
			children = (
				24322F331B5C536400871B7F /* MainMenu.xib */,
				24322F3C1B5C5FDE00871B7F /* AboutWindow.xib */,
			);
			name = "Interface Builder Files";
			path = interfaces;
			sourceTree = SOURCE_ROOT;
		};
		243776341B5C4CF300A178B2 = {
			isa = PBXGroup;
			children = (
				24322F351B5C5A5300871B7F /* Sources */,
				243776401B5C4CF300A178B2 /* Supporting Files */,
				2437763E1B5C4CF300A178B2 /* Products */,
			);
			sourceTree = "<group>";
		};
		2437763E1B5C4CF300A178B2 /* Products */ = {
			isa = PBXGroup;
			children = (
				2437763D1B5C4CF300A178B2 /* Menubar Colors.app */,
			);
			name = Products;
			sourceTree = "<group>";
		};
		243776401B5C4CF300A178B2 /* Supporting Files */ = {
			isa = PBXGroup;
			children = (
				24322F371B5C5A9A00871B7F /* Property Lists */,
				24322F381B5C5AA700871B7F /* Images */,
				24322F391B5C5AB900871B7F /* Interface Builder Files */,
			);
			name = "Supporting Files";
			path = "Menubar Colors";
			sourceTree = "<group>";
		};
		24F675361B5C886C00E9C52E /* Global */ = {
			isa = PBXGroup;
			children = (
				24F675371B5C887C00E9C52E /* SystemInfo.swift */,
			);
			name = Global;
			sourceTree = "<group>";
		};
/* End PBXGroup section */

/* Begin PBXNativeTarget section */
		2437763C1B5C4CF300A178B2 /* Menubar Colors */ = {
			isa = PBXNativeTarget;
			buildConfigurationList = 243776571B5C4CF300A178B2 /* Build configuration list for PBXNativeTarget "Menubar Colors" */;
			buildPhases = (
				243776391B5C4CF300A178B2 /* Sources */,
				2437763A1B5C4CF300A178B2 /* Frameworks */,
				2437763B1B5C4CF300A178B2 /* Resources */,
			);
			buildRules = (
			);
			dependencies = (
			);
			name = "Menubar Colors";
			productName = "Menubar Colors";
			productReference = 2437763D1B5C4CF300A178B2 /* Menubar Colors.app */;
			productType = "com.apple.product-type.application";
		};
/* End PBXNativeTarget section */

/* Begin PBXProject section */
		243776351B5C4CF300A178B2 /* Project object */ = {
			isa = PBXProject;
			attributes = {
				LastUpgradeCheck = 0640;
				ORGANIZATIONNAME = "Nikolai Vazquez";
				TargetAttributes = {
					2437763C1B5C4CF300A178B2 = {
						CreatedOnToolsVersion = 6.4;
					};
				};
			};
			buildConfigurationList = 243776381B5C4CF300A178B2 /* Build configuration list for PBXProject "Menubar Colors" */;
			compatibilityVersion = "Xcode 3.2";
			developmentRegion = English;
			hasScannedForEncodings = 0;
			knownRegions = (
				en,
				Base,
			);
			mainGroup = 243776341B5C4CF300A178B2;
			productRefGroup = 2437763E1B5C4CF300A178B2 /* Products */;
			projectDirPath = "";
			projectRoot = "";
			targets = (
				2437763C1B5C4CF300A178B2 /* Menubar Colors */,
			);
		};
/* End PBXProject section */

/* Begin PBXResourcesBuildPhase section */
		2437763B1B5C4CF300A178B2 /* Resources */ = {
			isa = PBXResourcesBuildPhase;
			buildActionMask = 2147483647;
			files = (
				243776451B5C4CF300A178B2 /* Images.xcassets in Resources */,
				24322F341B5C536400871B7F /* MainMenu.xib in Resources */,
				24322F3D1B5C5FDE00871B7F /* AboutWindow.xib in Resources */,
			);
			runOnlyForDeploymentPostprocessing = 0;
		};
/* End PBXResourcesBuildPhase section */

/* Begin PBXSourcesBuildPhase section */
		243776391B5C4CF300A178B2 /* Sources */ = {
			isa = PBXSourcesBuildPhase;
			buildActionMask = 2147483647;
			files = (
				24322F3F1B5C5FF900871B7F /* AboutWindowController.swift in Sources */,
				243776431B5C4CF300A178B2 /* AppDelegate.swift in Sources */,
				24F675311B5C77AA00E9C52E /* StatusMenu.swift in Sources */,
				24F675381B5C887C00E9C52E /* SystemInfo.swift in Sources */,
				24322F3B1B5C5FB700871B7F /* AboutWindow.swift in Sources */,
			);
			runOnlyForDeploymentPostprocessing = 0;
		};
/* End PBXSourcesBuildPhase section */

/* Begin XCBuildConfiguration section */
		243776551B5C4CF300A178B2 /* Debug */ = {
			isa = XCBuildConfiguration;
			buildSettings = {
				ALWAYS_SEARCH_USER_PATHS = NO;
				CLANG_CXX_LANGUAGE_STANDARD = "gnu++0x";
				CLANG_CXX_LIBRARY = "libc++";
				CLANG_ENABLE_MODULES = YES;
				CLANG_ENABLE_OBJC_ARC = YES;
				CLANG_WARN_BOOL_CONVERSION = YES;
				CLANG_WARN_CONSTANT_CONVERSION = YES;
				CLANG_WARN_DIRECT_OBJC_ISA_USAGE = YES_ERROR;
				CLANG_WARN_EMPTY_BODY = YES;
				CLANG_WARN_ENUM_CONVERSION = YES;
				CLANG_WARN_INT_CONVERSION = YES;
				CLANG_WARN_OBJC_ROOT_CLASS = YES_ERROR;
				CLANG_WARN_UNREACHABLE_CODE = YES;
				CLANG_WARN__DUPLICATE_METHOD_MATCH = YES;
				CODE_SIGN_IDENTITY = "-";
				COPY_PHASE_STRIP = NO;
				DEBUG_INFORMATION_FORMAT = dwarf;
				ENABLE_STRICT_OBJC_MSGSEND = YES;
				GCC_C_LANGUAGE_STANDARD = gnu99;
				GCC_DYNAMIC_NO_PIC = NO;
				GCC_NO_COMMON_BLOCKS = YES;
				GCC_OPTIMIZATION_LEVEL = 0;
				GCC_PREPROCESSOR_DEFINITIONS = (
					"DEBUG=1",
					"$(inherited)",
				);
				GCC_SYMBOLS_PRIVATE_EXTERN = NO;
				GCC_WARN_64_TO_32_BIT_CONVERSION = YES;
				GCC_WARN_ABOUT_RETURN_TYPE = YES_ERROR;
				GCC_WARN_UNDECLARED_SELECTOR = YES;
				GCC_WARN_UNINITIALIZED_AUTOS = YES_AGGRESSIVE;
				GCC_WARN_UNUSED_FUNCTION = YES;
				GCC_WARN_UNUSED_VARIABLE = YES;
				MACOSX_DEPLOYMENT_TARGET = 10.10;
				MTL_ENABLE_DEBUG_INFO = YES;
				ONLY_ACTIVE_ARCH = YES;
				SDKROOT = macosx;
				SWIFT_OPTIMIZATION_LEVEL = "-Onone";
			};
			name = Debug;
		};
		243776561B5C4CF300A178B2 /* Release */ = {
			isa = XCBuildConfiguration;
			buildSettings = {
				ALWAYS_SEARCH_USER_PATHS = NO;
				CLANG_CXX_LANGUAGE_STANDARD = "gnu++0x";
				CLANG_CXX_LIBRARY = "libc++";
				CLANG_ENABLE_MODULES = YES;
				CLANG_ENABLE_OBJC_ARC = YES;
				CLANG_WARN_BOOL_CONVERSION = YES;
				CLANG_WARN_CONSTANT_CONVERSION = YES;
				CLANG_WARN_DIRECT_OBJC_ISA_USAGE = YES_ERROR;
				CLANG_WARN_EMPTY_BODY = YES;
				CLANG_WARN_ENUM_CONVERSION = YES;
				CLANG_WARN_INT_CONVERSION = YES;
				CLANG_WARN_OBJC_ROOT_CLASS = YES_ERROR;
				CLANG_WARN_UNREACHABLE_CODE = YES;
				CLANG_WARN__DUPLICATE_METHOD_MATCH = YES;
				CODE_SIGN_IDENTITY = "-";
				COPY_PHASE_STRIP = NO;
				DEBUG_INFORMATION_FORMAT = "dwarf-with-dsym";
				ENABLE_NS_ASSERTIONS = NO;
				ENABLE_STRICT_OBJC_MSGSEND = YES;
				GCC_C_LANGUAGE_STANDARD = gnu99;
				GCC_NO_COMMON_BLOCKS = YES;
				GCC_WARN_64_TO_32_BIT_CONVERSION = YES;
				GCC_WARN_ABOUT_RETURN_TYPE = YES_ERROR;
				GCC_WARN_UNDECLARED_SELECTOR = YES;
				GCC_WARN_UNINITIALIZED_AUTOS = YES_AGGRESSIVE;
				GCC_WARN_UNUSED_FUNCTION = YES;
				GCC_WARN_UNUSED_VARIABLE = YES;
				MACOSX_DEPLOYMENT_TARGET = 10.10;
				MTL_ENABLE_DEBUG_INFO = NO;
				SDKROOT = macosx;
			};
			name = Release;
		};
		243776581B5C4CF300A178B2 /* Debug */ = {
			isa = XCBuildConfiguration;
			buildSettings = {
				ASSETCATALOG_COMPILER_APPICON_NAME = AppIcon;
				COMBINE_HIDPI_IMAGES = YES;
				INFOPLIST_FILE = "$(SRCROOT)/plists/Info.plist";
				LD_RUNPATH_SEARCH_PATHS = "$(inherited) @executable_path/../Frameworks";
				PRODUCT_NAME = "$(TARGET_NAME)";
			};
			name = Debug;
		};
		243776591B5C4CF300A178B2 /* Release */ = {
			isa = XCBuildConfiguration;
			buildSettings = {
				ASSETCATALOG_COMPILER_APPICON_NAME = AppIcon;
				COMBINE_HIDPI_IMAGES = YES;
				INFOPLIST_FILE = "$(SRCROOT)/plists/Info.plist";
				LD_RUNPATH_SEARCH_PATHS = "$(inherited) @executable_path/../Frameworks";
				PRODUCT_NAME = "$(TARGET_NAME)";
			};
			name = Release;
		};
/* End XCBuildConfiguration section */

/* Begin XCConfigurationList section */
		243776381B5C4CF300A178B2 /* Build configuration list for PBXProject "Menubar Colors" */ = {
			isa = XCConfigurationList;
			buildConfigurations = (
				243776551B5C4CF300A178B2 /* Debug */,
				243776561B5C4CF300A178B2 /* Release */,
			);
			defaultConfigurationIsVisible = 0;
			defaultConfigurationName = Release;
		};
		243776571B5C4CF300A178B2 /* Build configuration list for PBXNativeTarget "Menubar Colors" */ = {
			isa = XCConfigurationList;
			buildConfigurations = (
				243776581B5C4CF300A178B2 /* Debug */,
				243776591B5C4CF300A178B2 /* Release */,
			);
			defaultConfigurationIsVisible = 0;
			defaultConfigurationName = Release;
		};
/* End XCConfigurationList section */
	};
	rootObject = 243776351B5C4CF300A178B2 /* Project object */;
}
