// !$*UTF8*$!
{
	archiveVersion = 1;
	classes = {
	};
	objectVersion = 46;
	objects = {

/* Begin PBXBuildFile section */
		240513081B1E4F0000E63FBB /* Regex.swift in Sources */ = {isa = PBXBuildFile; fileRef = 240513071B1E4F0000E63FBB /* Regex.swift */; };
		2405130C1B1E4FC900E63FBB /* MenubarColorPanel.swift in Sources */ = {isa = PBXBuildFile; fileRef = 2405130A1B1E4FC900E63FBB /* MenubarColorPanel.swift */; };
		243060FA1B1A93C500E63FBB /* AppDelegate.swift in Sources */ = {isa = PBXBuildFile; fileRef = 243060F91B1A93C500E63FBB /* AppDelegate.swift */; };
		243060FC1B1A93C500E63FBB /* Images.xcassets in Resources */ = {isa = PBXBuildFile; fileRef = 243060FB1B1A93C500E63FBB /* Images.xcassets */; };
		243060FF1B1A93C500E63FBB /* MainMenu.xib in Resources */ = {isa = PBXBuildFile; fileRef = 243060FD1B1A93C500E63FBB /* MainMenu.xib */; };
		247210451B221E6A00E63FBB /* AboutWindow.swift in Sources */ = {isa = PBXBuildFile; fileRef = 247210441B221E6A00E63FBB /* AboutWindow.swift */; };
		249A7EAD1B336ABD00E63FBB /* ApplicationSupportHandler.swift in Sources */ = {isa = PBXBuildFile; fileRef = 249A7EAC1B336ABD00E63FBB /* ApplicationSupportHandler.swift */; };
		249A7EB11B3371CB00E63FBB /* File.swift in Sources */ = {isa = PBXBuildFile; fileRef = 249A7EB01B3371CB00E63FBB /* File.swift */; };
		249A7EB51B33786100E63FBB /* Preferences.swift in Sources */ = {isa = PBXBuildFile; fileRef = 249A7EB41B33786100E63FBB /* Preferences.swift */; };
/* End PBXBuildFile section */

/* Begin PBXFileReference section */
		240513071B1E4F0000E63FBB /* Regex.swift */ = {isa = PBXFileReference; fileEncoding = 4; lastKnownFileType = sourcecode.swift; path = Regex.swift; sourceTree = "<group>"; };
		2405130A1B1E4FC900E63FBB /* MenubarColorPanel.swift */ = {isa = PBXFileReference; fileEncoding = 4; lastKnownFileType = sourcecode.swift; path = MenubarColorPanel.swift; sourceTree = "<group>"; };
		243060F41B1A93C500E63FBB /* Menubar Colors.app */ = {isa = PBXFileReference; explicitFileType = wrapper.application; includeInIndex = 0; path = "Menubar Colors.app"; sourceTree = BUILT_PRODUCTS_DIR; };
		243060F81B1A93C500E63FBB /* Info.plist */ = {isa = PBXFileReference; lastKnownFileType = text.plist.xml; path = Info.plist; sourceTree = "<group>"; };
		243060F91B1A93C500E63FBB /* AppDelegate.swift */ = {isa = PBXFileReference; lastKnownFileType = sourcecode.swift; path = AppDelegate.swift; sourceTree = "<group>"; };
		243060FB1B1A93C500E63FBB /* Images.xcassets */ = {isa = PBXFileReference; lastKnownFileType = folder.assetcatalog; path = Images.xcassets; sourceTree = "<group>"; };
		243060FE1B1A93C500E63FBB /* Base */ = {isa = PBXFileReference; lastKnownFileType = file.xib; name = Base; path = Base.lproj/MainMenu.xib; sourceTree = "<group>"; };
		247210441B221E6A00E63FBB /* AboutWindow.swift */ = {isa = PBXFileReference; fileEncoding = 4; lastKnownFileType = sourcecode.swift; path = AboutWindow.swift; sourceTree = "<group>"; };
		249A7EAC1B336ABD00E63FBB /* ApplicationSupportHandler.swift */ = {isa = PBXFileReference; fileEncoding = 4; lastKnownFileType = sourcecode.swift; path = ApplicationSupportHandler.swift; sourceTree = "<group>"; };
		249A7EB01B3371CB00E63FBB /* File.swift */ = {isa = PBXFileReference; fileEncoding = 4; lastKnownFileType = sourcecode.swift; path = File.swift; sourceTree = "<group>"; };
		249A7EB41B33786100E63FBB /* Preferences.swift */ = {isa = PBXFileReference; fileEncoding = 4; lastKnownFileType = sourcecode.swift; path = Preferences.swift; sourceTree = "<group>"; };
/* End PBXFileReference section */

/* Begin PBXFrameworksBuildPhase section */
		243060F11B1A93C400E63FBB /* Frameworks */ = {
			isa = PBXFrameworksBuildPhase;
			buildActionMask = 2147483647;
			files = (
			);
			runOnlyForDeploymentPostprocessing = 0;
		};
/* End PBXFrameworksBuildPhase section */

/* Begin PBXGroup section */
		243060EB1B1A93C400E63FBB = {
			isa = PBXGroup;
			children = (
				243060F61B1A93C500E63FBB /* Menubar Colors */,
				243060F51B1A93C500E63FBB /* Products */,
			);
			sourceTree = "<group>";
		};
		243060F51B1A93C500E63FBB /* Products */ = {
			isa = PBXGroup;
			children = (
				243060F41B1A93C500E63FBB /* Menubar Colors.app */,
			);
			name = Products;
			sourceTree = "<group>";
		};
		243060F61B1A93C500E63FBB /* Menubar Colors */ = {
			isa = PBXGroup;
			children = (
				24A691AC1B1BD4E100E63FBB /* Application */,
			);
			path = "Menubar Colors";
			sourceTree = "<group>";
		};
		243060F71B1A93C500E63FBB /* Supporting Files */ = {
			isa = PBXGroup;
			children = (
				243060F81B1A93C500E63FBB /* Info.plist */,
			);
			name = "Supporting Files";
			sourceTree = "<group>";
		};
		24A691AC1B1BD4E100E63FBB /* Application */ = {
			isa = PBXGroup;
			children = (
				243060FB1B1A93C500E63FBB /* Images.xcassets */,
				243060FD1B1A93C500E63FBB /* MainMenu.xib */,
				243060F71B1A93C500E63FBB /* Supporting Files */,
				243060F91B1A93C500E63FBB /* AppDelegate.swift */,
				249A7EAC1B336ABD00E63FBB /* ApplicationSupportHandler.swift */,
				249A7EB01B3371CB00E63FBB /* File.swift */,
				249A7EB41B33786100E63FBB /* Preferences.swift */,
				240513071B1E4F0000E63FBB /* Regex.swift */,
				247210441B221E6A00E63FBB /* AboutWindow.swift */,
				2405130A1B1E4FC900E63FBB /* MenubarColorPanel.swift */,
			);
			name = Application;
			sourceTree = "<group>";
		};
/* End PBXGroup section */

/* Begin PBXNativeTarget section */
		243060F31B1A93C400E63FBB /* Menubar Colors */ = {
			isa = PBXNativeTarget;
			buildConfigurationList = 2430610E1B1A93C500E63FBB /* Build configuration list for PBXNativeTarget "Menubar Colors" */;
			buildPhases = (
				243060F01B1A93C400E63FBB /* Sources */,
				243060F11B1A93C400E63FBB /* Frameworks */,
				243060F21B1A93C400E63FBB /* Resources */,
			);
			buildRules = (
			);
			dependencies = (
			);
			name = "Menubar Colors";
			productName = "Menubar Colors";
			productReference = 243060F41B1A93C500E63FBB /* Menubar Colors.app */;
			productType = "com.apple.product-type.application";
		};
/* End PBXNativeTarget section */

/* Begin PBXProject section */
		243060EC1B1A93C400E63FBB /* Project object */ = {
			isa = PBXProject;
			attributes = {
				LastUpgradeCheck = 0630;
				ORGANIZATIONNAME = "Nikolai Vazquez";
				TargetAttributes = {
					243060F31B1A93C400E63FBB = {
						CreatedOnToolsVersion = 6.3.2;
					};
				};
			};
			buildConfigurationList = 243060EF1B1A93C400E63FBB /* Build configuration list for PBXProject "Menubar Colors" */;
			compatibilityVersion = "Xcode 3.2";
			developmentRegion = English;
			hasScannedForEncodings = 0;
			knownRegions = (
				en,
				Base,
			);
			mainGroup = 243060EB1B1A93C400E63FBB;
			productRefGroup = 243060F51B1A93C500E63FBB /* Products */;
			projectDirPath = "";
			projectRoot = "";
			targets = (
				243060F31B1A93C400E63FBB /* Menubar Colors */,
			);
		};
/* End PBXProject section */

/* Begin PBXResourcesBuildPhase section */
		243060F21B1A93C400E63FBB /* Resources */ = {
			isa = PBXResourcesBuildPhase;
			buildActionMask = 2147483647;
			files = (
				243060FC1B1A93C500E63FBB /* Images.xcassets in Resources */,
				243060FF1B1A93C500E63FBB /* MainMenu.xib in Resources */,
			);
			runOnlyForDeploymentPostprocessing = 0;
		};
/* End PBXResourcesBuildPhase section */

/* Begin PBXSourcesBuildPhase section */
		243060F01B1A93C400E63FBB /* Sources */ = {
			isa = PBXSourcesBuildPhase;
			buildActionMask = 2147483647;
			files = (
				243060FA1B1A93C500E63FBB /* AppDelegate.swift in Sources */,
				249A7EB51B33786100E63FBB /* Preferences.swift in Sources */,
				249A7EB11B3371CB00E63FBB /* File.swift in Sources */,
				240513081B1E4F0000E63FBB /* Regex.swift in Sources */,
				249A7EAD1B336ABD00E63FBB /* ApplicationSupportHandler.swift in Sources */,
				2405130C1B1E4FC900E63FBB /* MenubarColorPanel.swift in Sources */,
				247210451B221E6A00E63FBB /* AboutWindow.swift in Sources */,
			);
			runOnlyForDeploymentPostprocessing = 0;
		};
/* End PBXSourcesBuildPhase section */

/* Begin PBXVariantGroup section */
		243060FD1B1A93C500E63FBB /* MainMenu.xib */ = {
			isa = PBXVariantGroup;
			children = (
				243060FE1B1A93C500E63FBB /* Base */,
			);
			name = MainMenu.xib;
			sourceTree = "<group>";
		};
/* End PBXVariantGroup section */

/* Begin XCBuildConfiguration section */
		2430610C1B1A93C500E63FBB /* Debug */ = {
			isa = XCBuildConfiguration;
			buildSettings = {
				ALWAYS_SEARCH_USER_PATHS = NO;
				ASSETCATALOG_COMPILER_APPICON_NAME = "";
				CLANG_CXX_LANGUAGE_STANDARD = "gnu++0x";
				CLANG_CXX_LIBRARY = "libc++";
				CLANG_ENABLE_MODULES = YES;
				CLANG_ENABLE_OBJC_ARC = YES;
				CLANG_WARN_BOOL_CONVERSION = YES;
				CLANG_WARN_CONSTANT_CONVERSION = YES;
				CLANG_WARN_DIRECT_OBJC_ISA_USAGE = YES_ERROR;
				CLANG_WARN_EMPTY_BODY = YES;
				CLANG_WARN_ENUM_CONVERSION = YES;
				CLANG_WARN_INT_CONVERSION = YES;
				CLANG_WARN_OBJC_ROOT_CLASS = YES_ERROR;
				CLANG_WARN_UNREACHABLE_CODE = YES;
				CLANG_WARN__DUPLICATE_METHOD_MATCH = YES;
				CODE_SIGN_IDENTITY = "-";
				COPY_PHASE_STRIP = NO;
				DEBUG_INFORMATION_FORMAT = dwarf;
				ENABLE_STRICT_OBJC_MSGSEND = YES;
				GCC_C_LANGUAGE_STANDARD = gnu99;
				GCC_DYNAMIC_NO_PIC = NO;
				GCC_NO_COMMON_BLOCKS = YES;
				GCC_OPTIMIZATION_LEVEL = 0;
				GCC_PREPROCESSOR_DEFINITIONS = (
					"DEBUG=1",
					"$(inherited)",
				);
				GCC_SYMBOLS_PRIVATE_EXTERN = NO;
				GCC_WARN_64_TO_32_BIT_CONVERSION = YES;
				GCC_WARN_ABOUT_RETURN_TYPE = YES_ERROR;
				GCC_WARN_UNDECLARED_SELECTOR = YES;
				GCC_WARN_UNINITIALIZED_AUTOS = YES_AGGRESSIVE;
				GCC_WARN_UNUSED_FUNCTION = YES;
				GCC_WARN_UNUSED_VARIABLE = YES;
				MACOSX_DEPLOYMENT_TARGET = 10.10;
				MTL_ENABLE_DEBUG_INFO = YES;
				ONLY_ACTIVE_ARCH = YES;
				SDKROOT = macosx;
				SWIFT_OPTIMIZATION_LEVEL = "-Onone";
			};
			name = Debug;
		};
		2430610D1B1A93C500E63FBB /* Release */ = {
			isa = XCBuildConfiguration;
			buildSettings = {
				ALWAYS_SEARCH_USER_PATHS = NO;
				ASSETCATALOG_COMPILER_APPICON_NAME = "";
				CLANG_CXX_LANGUAGE_STANDARD = "gnu++0x";
				CLANG_CXX_LIBRARY = "libc++";
				CLANG_ENABLE_MODULES = YES;
				CLANG_ENABLE_OBJC_ARC = YES;
				CLANG_WARN_BOOL_CONVERSION = YES;
				CLANG_WARN_CONSTANT_CONVERSION = YES;
				CLANG_WARN_DIRECT_OBJC_ISA_USAGE = YES_ERROR;
				CLANG_WARN_EMPTY_BODY = YES;
				CLANG_WARN_ENUM_CONVERSION = YES;
				CLANG_WARN_INT_CONVERSION = YES;
				CLANG_WARN_OBJC_ROOT_CLASS = YES_ERROR;
				CLANG_WARN_UNREACHABLE_CODE = YES;
				CLANG_WARN__DUPLICATE_METHOD_MATCH = YES;
				CODE_SIGN_IDENTITY = "-";
				COPY_PHASE_STRIP = NO;
				DEBUG_INFORMATION_FORMAT = "dwarf-with-dsym";
				ENABLE_NS_ASSERTIONS = NO;
				ENABLE_STRICT_OBJC_MSGSEND = YES;
				GCC_C_LANGUAGE_STANDARD = gnu99;
				GCC_NO_COMMON_BLOCKS = YES;
				GCC_WARN_64_TO_32_BIT_CONVERSION = YES;
				GCC_WARN_ABOUT_RETURN_TYPE = YES_ERROR;
				GCC_WARN_UNDECLARED_SELECTOR = YES;
				GCC_WARN_UNINITIALIZED_AUTOS = YES_AGGRESSIVE;
				GCC_WARN_UNUSED_FUNCTION = YES;
				GCC_WARN_UNUSED_VARIABLE = YES;
				MACOSX_DEPLOYMENT_TARGET = 10.10;
				MTL_ENABLE_DEBUG_INFO = NO;
				SDKROOT = macosx;
			};
			name = Release;
		};
		2430610F1B1A93C500E63FBB /* Debug */ = {
			isa = XCBuildConfiguration;
			buildSettings = {
				ASSETCATALOG_COMPILER_APPICON_NAME = "Menubar Colors";
				ASSETCATALOG_COMPILER_LAUNCHIMAGE_NAME = "Menubar Colors";
				COMBINE_HIDPI_IMAGES = YES;
				INFOPLIST_FILE = "Menubar Colors/Info.plist";
				LD_RUNPATH_SEARCH_PATHS = "$(inherited) @executable_path/../Frameworks";
				PRODUCT_NAME = "$(TARGET_NAME)";
			};
			name = Debug;
		};
		243061101B1A93C500E63FBB /* Release */ = {
			isa = XCBuildConfiguration;
			buildSettings = {
				ASSETCATALOG_COMPILER_APPICON_NAME = "Menubar Colors";
				ASSETCATALOG_COMPILER_LAUNCHIMAGE_NAME = "Menubar Colors";
				COMBINE_HIDPI_IMAGES = YES;
				INFOPLIST_FILE = "Menubar Colors/Info.plist";
				LD_RUNPATH_SEARCH_PATHS = "$(inherited) @executable_path/../Frameworks";
				PRODUCT_NAME = "$(TARGET_NAME)";
				SDKROOT = macosx;
			};
			name = Release;
		};
/* End XCBuildConfiguration section */

/* Begin XCConfigurationList section */
		243060EF1B1A93C400E63FBB /* Build configuration list for PBXProject "Menubar Colors" */ = {
			isa = XCConfigurationList;
			buildConfigurations = (
				2430610C1B1A93C500E63FBB /* Debug */,
				2430610D1B1A93C500E63FBB /* Release */,
			);
			defaultConfigurationIsVisible = 0;
			defaultConfigurationName = Release;
		};
		2430610E1B1A93C500E63FBB /* Build configuration list for PBXNativeTarget "Menubar Colors" */ = {
			isa = XCConfigurationList;
			buildConfigurations = (
				2430610F1B1A93C500E63FBB /* Debug */,
				243061101B1A93C500E63FBB /* Release */,
			);
			defaultConfigurationIsVisible = 0;
			defaultConfigurationName = Release;
		};
/* End XCConfigurationList section */
	};
	rootObject = 243060EC1B1A93C400E63FBB /* Project object */;
}
